
Microsoft Visual Studio Solution File, Format Version 12.00
Project("{FAE04EC0-301F-11D3-BF4B-00C04F79EFBC}") = "BookShop", "BookShop\BookShop.csproj", "{96FCCADC-72A3-4BA8-9408-E6B564C4AC0A}"
EndProject
Global
	GlobalSection(SolutionConfigurationPlatforms) = preSolution
		Debug|Any CPU = Debug|Any CPU
		Release|Any CPU = Release|Any CPU
	EndGlobalSection
	GlobalSection(ProjectConfigurationPlatforms) = postSolution
		{96FCCADC-72A3-4BA8-9408-E6B564C4AC0A}.Debug|Any CPU.ActiveCfg = Debug|Any CPU
		{96FCCADC-72A3-4BA8-9408-E6B564C4AC0A}.Debug|Any CPU.Build.0 = Debug|Any CPU
		{96FCCADC-72A3-4BA8-9408-E6B564C4AC0A}.Release|Any CPU.ActiveCfg = Release|Any CPU
		{96FCCADC-72A3-4BA8-9408-E6B564C4AC0A}.Release|Any CPU.Build.0 = Release|Any CPU
	EndGlobalSection
EndGlobal
